# @generated - this file is auto-generated by `mise lock` https://mise.jdx.dev/dev-tools/mise-lock.html

lockfile_version = 1

[[tools.python]]
version = "3.10.21"
backend = "core:python"
specifiers = ["3.10"]

[tools.python."platforms.linux-x64"]
checksum = "sha256:a85d82bf451beea4605cecf0ad3e6cfdab833f146da8f1f82c7b7786f3ff3e3a"
url = "https://github.com/astral-sh/python-build-standalone/releases/download/20260901/cpython-3.10.21+20260901-x86_64-unknown-linux-gnu-install_only_stripped.tar.gz"
provenance = "github-attestations"

[tools.python."platforms.macos-arm64"]
checksum = "blake3:854cfbf526c274c1df3015cc238a188d9fd44f0f39e3b2c6edeca4169820820f"
url = "https://github.com/astral-sh/python-build-standalone/releases/download/20260901/cpython-3.10.21+20260901-aarch64-apple-darwin-install_only_stripped.tar.gz"
provenance = "github-attestations"

[[tools.uv]]
version = "0.11.33"
backend = "aqua:astral-sh/uv"
specifiers = ["0.11"]

[tools.uv."platforms.linux-x64"]
checksum = "sha256:aa9fca823c03289fb6e3460b3dc864f3ea895cafaf9b99247701a67b17d1b018"
url = "https://github.com/astral-sh/uv/releases/download/0.11.33/uv-x86_64-unknown-linux-gnu.tar.gz"
url_api = "https://api.github.com/repos/astral-sh/uv/releases/assets/492592533"
provenance = "github-attestations"

[tools.uv."platforms.macos-arm64"]
checksum = "sha256:d75e3d2bfc203d17388edaabd3aa37958edbcbfc36219e3ee0d31bb080b4baa2"
url = "https://github.com/astral-sh/uv/releases/download/0.11.33/uv-aarch64-apple-darwin.tar.gz"
url_api = "https://api.github.com/repos/astral-sh/uv/releases/assets/492592443"
provenance = "github-attestations"
