# This file is automatically @generated by Poetry 1.4.0 and should not be changed by hand.

[[package]]
name = "dara-components"
version = "0.0.1"
description = "Dara Framework Core"
category = "dev"
optional = false
python-versions = ">=3.8.0, <3.12.0"
files = []
develop = true

[package.source]
type = "directory"
url = "packages/dara-components"

[[package]]
name = "dara-core"
version = "0.0.1"
description = "Dara Framework Core"
category = "dev"
optional = false
python-versions = ">=3.8.0, <3.12.0"
files = []
develop = true

[package.source]
type = "directory"
url = "packages/dara-core"

[metadata]
lock-version = "2.0"
python-versions = ">=3.8.0, <3.12.0"
content-hash = "1558ffc4ea9c66fb6db9dfe3d1a286ab0102a8fee2d92c896728a461854b1b5f"
